
Microsoft Visual Studio Solution File, Format Version 12.00
# Visual Studio Version 17
VisualStudioVersion = 17.4.33213.308
MinimumVisualStudioVersion = 10.0.40219.1
Project("{FAE04EC0-301F-11D3-BF4B-00C04F79EFBC}") = "Flights", "Flights\Flights.csproj", "{D05C9F79-60E7-4E38-A56E-4ADB00E4AE1E}"
EndProject
Global
	GlobalSection(SolutionConfigurationPlatforms) = preSolution
		Debug|Any CPU = Debug|Any CPU
		Release|Any CPU = Release|Any CPU
	EndGlobalSection
	GlobalSection(ProjectConfigurationPlatforms) = postSolution
		{D05C9F79-60E7-4E38-A56E-4ADB00E4AE1E}.Debug|Any CPU.ActiveCfg = Debug|Any CPU
		{D05C9F79-60E7-4E38-A56E-4ADB00E4AE1E}.Debug|Any CPU.Build.0 = Debug|Any CPU
		{D05C9F79-60E7-4E38-A56E-4ADB00E4AE1E}.Release|Any CPU.ActiveCfg = Release|Any CPU
		{D05C9F79-60E7-4E38-A56E-4ADB00E4AE1E}.Release|Any CPU.Build.0 = Release|Any CPU
	EndGlobalSection
	GlobalSection(SolutionProperties) = preSolution
		HideSolutionNode = FALSE
	EndGlobalSection
	GlobalSection(ExtensibilityGlobals) = postSolution
		SolutionGuid = {EA869C1A-48BA-4510-AEB8-5ACA6D14407A}
	EndGlobalSection
EndGlobal
